
Microsoft Visual Studio Solution File, Format Version 12.00
# Visual Studio Version 16
VisualStudioVersion = 16.0.29806.167
MinimumVisualStudioVersion = 10.0.40219.1
Project("{FAE04EC0-301F-11D3-BF4B-00C04F79EFBC}") = "EasyNet", "EasyNet\EasyNet.csproj", "{4EB0F74A-616C-417A-A50D-9A8A1ED32E18}"
EndProject
Project("{FAE04EC0-301F-11D3-BF4B-00C04F79EFBC}") = "EasyNet.Extensions", "EasyNet.Extensions\EasyNet.Extensions.csproj", "{54F17B46-3243-438F-907F-3C4DDEA24DD3}"
EndProject
Project("{FAE04EC0-301F-11D3-BF4B-00C04F79EFBC}") = "EasyNet.Extensions.Test", "EasyNet.Extensions.Test\EasyNet.Extensions.Test.csproj", "{976246E0-D33A-4410-9110-BD120CFA9F81}"
EndProject
Project("{FAE04EC0-301F-11D3-BF4B-00C04F79EFBC}") = "EasyNet.Attributes", "EasyNet.Attributes\EasyNet.Attributes.csproj", "{FA8E3BAE-8200-49BF-9821-8BF0E9C802DA}"
EndProject
Global
	GlobalSection(SolutionConfigurationPlatforms) = preSolution
		Debug|Any CPU = Debug|Any CPU
		Release|Any CPU = Release|Any CPU
	EndGlobalSection
	GlobalSection(ProjectConfigurationPlatforms) = postSolution
		{4EB0F74A-616C-417A-A50D-9A8A1ED32E18}.Debug|Any CPU.ActiveCfg = Debug|Any CPU
		{4EB0F74A-616C-417A-A50D-9A8A1ED32E18}.Debug|Any CPU.Build.0 = Debug|Any CPU
		{4EB0F74A-616C-417A-A50D-9A8A1ED32E18}.Release|Any CPU.ActiveCfg = Release|Any CPU
		{4EB0F74A-616C-417A-A50D-9A8A1ED32E18}.Release|Any CPU.Build.0 = Release|Any CPU
		{54F17B46-3243-438F-907F-3C4DDEA24DD3}.Debug|Any CPU.ActiveCfg = Debug|Any CPU
		{54F17B46-3243-438F-907F-3C4DDEA24DD3}.Debug|Any CPU.Build.0 = Debug|Any CPU
		{54F17B46-3243-438F-907F-3C4DDEA24DD3}.Release|Any CPU.ActiveCfg = Release|Any CPU
		{54F17B46-3243-438F-907F-3C4DDEA24DD3}.Release|Any CPU.Build.0 = Release|Any CPU
		{976246E0-D33A-4410-9110-BD120CFA9F81}.Debug|Any CPU.ActiveCfg = Debug|Any CPU
		{976246E0-D33A-4410-9110-BD120CFA9F81}.Debug|Any CPU.Build.0 = Debug|Any CPU
		{976246E0-D33A-4410-9110-BD120CFA9F81}.Release|Any CPU.ActiveCfg = Release|Any CPU
		{976246E0-D33A-4410-9110-BD120CFA9F81}.Release|Any CPU.Build.0 = Release|Any CPU
		{FA8E3BAE-8200-49BF-9821-8BF0E9C802DA}.Debug|Any CPU.ActiveCfg = Debug|Any CPU
		{FA8E3BAE-8200-49BF-9821-8BF0E9C802DA}.Debug|Any CPU.Build.0 = Debug|Any CPU
		{FA8E3BAE-8200-49BF-9821-8BF0E9C802DA}.Release|Any CPU.ActiveCfg = Release|Any CPU
		{FA8E3BAE-8200-49BF-9821-8BF0E9C802DA}.Release|Any CPU.Build.0 = Release|Any CPU
	EndGlobalSection
	GlobalSection(SolutionProperties) = preSolution
		HideSolutionNode = FALSE
	EndGlobalSection
	GlobalSection(ExtensibilityGlobals) = postSolution
		SolutionGuid = {3E8ACD10-7A44-4500-A217-5A1E8DD85B90}
	EndGlobalSection
EndGlobal
